
Microsoft Visual Studio Solution File, Format Version 12.00
# Visual Studio 2013
VisualStudioVersion = 12.0.21005.1
MinimumVisualStudioVersion = 10.0.40219.1
Project("{FAE04EC0-301F-11D3-BF4B-00C04F79EFBC}") = "SimbahanApp", "SimbahanApp\SimbahanApp.csproj", "{D40BD2A0-C1AC-4500-8C56-3FA62B4090D2}"
EndProject
Project("{FAE04EC0-301F-11D3-BF4B-00C04F79EFBC}") = "SimbahanApp.Tests", "SimbahanApp.Tests\SimbahanApp.Tests.csproj", "{51BD15E9-C06F-430F-839B-2C92147426F2}"
EndProject
Global
	GlobalSection(SolutionConfigurationPlatforms) = preSolution
		Debug|Any CPU = Debug|Any CPU
		Release|Any CPU = Release|Any CPU
	EndGlobalSection
	GlobalSection(ProjectConfigurationPlatforms) = postSolution
		{D40BD2A0-C1AC-4500-8C56-3FA62B4090D2}.Debug|Any CPU.ActiveCfg = Debug|Any CPU
		{D40BD2A0-C1AC-4500-8C56-3FA62B4090D2}.Debug|Any CPU.Build.0 = Debug|Any CPU
		{D40BD2A0-C1AC-4500-8C56-3FA62B4090D2}.Release|Any CPU.ActiveCfg = Release|Any CPU
		{D40BD2A0-C1AC-4500-8C56-3FA62B4090D2}.Release|Any CPU.Build.0 = Release|Any CPU
		{51BD15E9-C06F-430F-839B-2C92147426F2}.Debug|Any CPU.ActiveCfg = Debug|Any CPU
		{51BD15E9-C06F-430F-839B-2C92147426F2}.Debug|Any CPU.Build.0 = Debug|Any CPU
		{51BD15E9-C06F-430F-839B-2C92147426F2}.Release|Any CPU.ActiveCfg = Release|Any CPU
		{51BD15E9-C06F-430F-839B-2C92147426F2}.Release|Any CPU.Build.0 = Release|Any CPU
	EndGlobalSection
	GlobalSection(SolutionProperties) = preSolution
		HideSolutionNode = FALSE
	EndGlobalSection
EndGlobal
